{
  "name": "vue-easytable",
  "version": "1.7.2",
  "lockfileVersion": 1,
  "requires": true,
  "dependencies": {
    "tapable": {
      "version": "2.2.0",
      "resolved": "https://mirrors.huaweicloud.com/repository/npm/tapable/-/tapable-2.2.0.tgz",
      "integrity": "sha512-FBk4IesMV1rBxX2tfiK8RAmogtWn53puLOQlvO8XuwlgxcYbP4mVPS9Ph4aeamSyyVjOl24aYWAuc8U5kCVwMw=="
    }
  }
}
